// !$*UTF8*$!
{
	archiveVersion = 1;
	classes = {
	};
	objectVersion = 56;
	objects = {

/* Begin PBXBuildFile section */
		2B9474C02B6E7D4D0009FAB6 /* FeedViewController.swift in Sources */ = {isa = PBXBuildFile; fileRef = 2B9474BF2B6E7D4D0009FAB6 /* FeedViewController.swift */; };
		2BFE7BF32B6E1A7A00682FEC /* AppDelegate.swift in Sources */ = {isa = PBXBuildFile; fileRef = 2BFE7BF22B6E1A7A00682FEC /* AppDelegate.swift */; };
		2BFE7BF52B6E1A7A00682FEC /* SceneDelegate.swift in Sources */ = {isa = PBXBuildFile; fileRef = 2BFE7BF42B6E1A7A00682FEC /* SceneDelegate.swift */; };
		2BFE7BF72B6E1A7A00682FEC /* ViewController.swift in Sources */ = {isa = PBXBuildFile; fileRef = 2BFE7BF62B6E1A7A00682FEC /* ViewController.swift */; };
		2BFE7BFA2B6E1A7A00682FEC /* Main.storyboard in Resources */ = {isa = PBXBuildFile; fileRef = 2BFE7BF82B6E1A7A00682FEC /* Main.storyboard */; };
		2BFE7BFC2B6E1A7B00682FEC /* Assets.xcassets in Resources */ = {isa = PBXBuildFile; fileRef = 2BFE7BFB2B6E1A7B00682FEC /* Assets.xcassets */; };
		2BFE7BFF2B6E1A7B00682FEC /* LaunchScreen.storyboard in Resources */ = {isa = PBXBuildFile; fileRef = 2BFE7BFD2B6E1A7B00682FEC /* LaunchScreen.storyboard */; };
		2BFE7C072B6E1D2E00682FEC /* CoreMotionViewController.swift in Sources */ = {isa = PBXBuildFile; fileRef = 2BFE7C062B6E1D2E00682FEC /* CoreMotionViewController.swift */; };
/* End PBXBuildFile section */

/* Begin PBXFileReference section */
		2B9474BF2B6E7D4D0009FAB6 /* FeedViewController.swift */ = {isa = PBXFileReference; lastKnownFileType = sourcecode.swift; path = FeedViewController.swift; sourceTree = "<group>"; };
		2BFE7BEF2B6E1A7A00682FEC /* HeadphoneMotion.app */ = {isa = PBXFileReference; explicitFileType = wrapper.application; includeInIndex = 0; path = HeadphoneMotion.app; sourceTree = BUILT_PRODUCTS_DIR; };
		2BFE7BF22B6E1A7A00682FEC /* AppDelegate.swift */ = {isa = PBXFileReference; lastKnownFileType = sourcecode.swift; path = AppDelegate.swift; sourceTree = "<group>"; };
		2BFE7BF42B6E1A7A00682FEC /* SceneDelegate.swift */ = {isa = PBXFileReference; lastKnownFileType = sourcecode.swift; path = SceneDelegate.swift; sourceTree = "<group>"; };
		2BFE7BF62B6E1A7A00682FEC /* ViewController.swift */ = {isa = PBXFileReference; lastKnownFileType = sourcecode.swift; path = ViewController.swift; sourceTree = "<group>"; };
		2BFE7BF92B6E1A7A00682FEC /* Base */ = {isa = PBXFileReference; lastKnownFileType = file.storyboard; name = Base; path = Base.lproj/Main.storyboard; sourceTree = "<group>"; };
		2BFE7BFB2B6E1A7B00682FEC /* Assets.xcassets */ = {isa = PBXFileReference; lastKnownFileType = folder.assetcatalog; path = Assets.xcassets; sourceTree = "<group>"; };
		2BFE7BFE2B6E1A7B00682FEC /* Base */ = {isa = PBXFileReference; lastKnownFileType = file.storyboard; name = Base; path = Base.lproj/LaunchScreen.storyboard; sourceTree = "<group>"; };
		2BFE7C002B6E1A7B00682FEC /* Info.plist */ = {isa = PBXFileReference; lastKnownFileType = text.plist.xml; path = Info.plist; sourceTree = "<group>"; };
		2BFE7C062B6E1D2E00682FEC /* CoreMotionViewController.swift */ = {isa = PBXFileReference; lastKnownFileType = sourcecode.swift; path = CoreMotionViewController.swift; sourceTree = "<group>"; };
/* End PBXFileReference section */

/* Begin PBXFrameworksBuildPhase section */
		2BFE7BEC2B6E1A7A00682FEC /* Frameworks */ = {
			isa = PBXFrameworksBuildPhase;
			buildActionMask = 2147483647;
			files = (
			);
			runOnlyForDeploymentPostprocessing = 0;
		};
/* End PBXFrameworksBuildPhase section */

/* Begin PBXGroup section */
		2BFE7BE62B6E1A7A00682FEC = {
			isa = PBXGroup;
			children = (
				2BFE7BF12B6E1A7A00682FEC /* HeadphoneMotion */,
				2BFE7BF02B6E1A7A00682FEC /* Products */,
			);
			sourceTree = "<group>";
		};
		2BFE7BF02B6E1A7A00682FEC /* Products */ = {
			isa = PBXGroup;
			children = (
				2BFE7BEF2B6E1A7A00682FEC /* HeadphoneMotion.app */,
			);
			name = Products;
			sourceTree = "<group>";
		};
		2BFE7BF12B6E1A7A00682FEC /* HeadphoneMotion */ = {
			isa = PBXGroup;
			children = (
				2BFE7BF22B6E1A7A00682FEC /* AppDelegate.swift */,
				2BFE7BF42B6E1A7A00682FEC /* SceneDelegate.swift */,
				2BFE7BF62B6E1A7A00682FEC /* ViewController.swift */,
				2BFE7C062B6E1D2E00682FEC /* CoreMotionViewController.swift */,
				2B9474BF2B6E7D4D0009FAB6 /* FeedViewController.swift */,
				2BFE7BF82B6E1A7A00682FEC /* Main.storyboard */,
				2BFE7BFB2B6E1A7B00682FEC /* Assets.xcassets */,
				2BFE7BFD2B6E1A7B00682FEC /* LaunchScreen.storyboard */,
				2BFE7C002B6E1A7B00682FEC /* Info.plist */,
			);
			path = HeadphoneMotion;
			sourceTree = "<group>";
		};
/* End PBXGroup section */

/* Begin PBXNativeTarget section */
		2BFE7BEE2B6E1A7A00682FEC /* HeadphoneMotion */ = {
			isa = PBXNativeTarget;
			buildConfigurationList = 2BFE7C032B6E1A7B00682FEC /* Build configuration list for PBXNativeTarget "HeadphoneMotion" */;
			buildPhases = (
				2BFE7BEB2B6E1A7A00682FEC /* Sources */,
				2BFE7BEC2B6E1A7A00682FEC /* Frameworks */,
				2BFE7BED2B6E1A7A00682FEC /* Resources */,
			);
			buildRules = (
			);
			dependencies = (
			);
			name = HeadphoneMotion;
			productName = HeadphoneMotion;
			productReference = 2BFE7BEF2B6E1A7A00682FEC /* HeadphoneMotion.app */;
			productType = "com.apple.product-type.application";
		};
/* End PBXNativeTarget section */

/* Begin PBXProject section */
		2BFE7BE72B6E1A7A00682FEC /* Project object */ = {
			isa = PBXProject;
			attributes = {
				BuildIndependentTargetsInParallel = 1;
				LastSwiftUpdateCheck = 1500;
				LastUpgradeCheck = 1500;
				TargetAttributes = {
					2BFE7BEE2B6E1A7A00682FEC = {
						CreatedOnToolsVersion = 15.0;
					};
				};
			};
			buildConfigurationList = 2BFE7BEA2B6E1A7A00682FEC /* Build configuration list for PBXProject "HeadphoneMotion" */;
			compatibilityVersion = "Xcode 14.0";
			developmentRegion = en;
			hasScannedForEncodings = 0;
			knownRegions = (
				en,
				Base,
			);
			mainGroup = 2BFE7BE62B6E1A7A00682FEC;
			productRefGroup = 2BFE7BF02B6E1A7A00682FEC /* Products */;
			projectDirPath = "";
			projectRoot = "";
			targets = (
				2BFE7BEE2B6E1A7A00682FEC /* HeadphoneMotion */,
			);
		};
/* End PBXProject section */

/* Begin PBXResourcesBuildPhase section */
		2BFE7BED2B6E1A7A00682FEC /* Resources */ = {
			isa = PBXResourcesBuildPhase;
			buildActionMask = 2147483647;
			files = (
				2BFE7BFF2B6E1A7B00682FEC /* LaunchScreen.storyboard in Resources */,
				2BFE7BFC2B6E1A7B00682FEC /* Assets.xcassets in Resources */,
				2BFE7BFA2B6E1A7A00682FEC /* Main.storyboard in Resources */,
			);
			runOnlyForDeploymentPostprocessing = 0;
		};
/* End PBXResourcesBuildPhase section */

/* Begin PBXSourcesBuildPhase section */
		2BFE7BEB2B6E1A7A00682FEC /* Sources */ = {
			isa = PBXSourcesBuildPhase;
			buildActionMask = 2147483647;
			files = (
				2BFE7BF72B6E1A7A00682FEC /* ViewController.swift in Sources */,
				2BFE7BF32B6E1A7A00682FEC /* AppDelegate.swift in Sources */,
				2B9474C02B6E7D4D0009FAB6 /* FeedViewController.swift in Sources */,
				2BFE7BF52B6E1A7A00682FEC /* SceneDelegate.swift in Sources */,
				2BFE7C072B6E1D2E00682FEC /* CoreMotionViewController.swift in Sources */,
			);
			runOnlyForDeploymentPostprocessing = 0;
		};
/* End PBXSourcesBuildPhase section */

/* Begin PBXVariantGroup section */
		2BFE7BF82B6E1A7A00682FEC /* Main.storyboard */ = {
			isa = PBXVariantGroup;
			children = (
				2BFE7BF92B6E1A7A00682FEC /* Base */,
			);
			name = Main.storyboard;
			sourceTree = "<group>";
		};
		2BFE7BFD2B6E1A7B00682FEC /* LaunchScreen.storyboard */ = {
			isa = PBXVariantGroup;
			children = (
				2BFE7BFE2B6E1A7B00682FEC /* Base */,
			);
			name = LaunchScreen.storyboard;
			sourceTree = "<group>";
		};
/* End PBXVariantGroup section */

/* Begin XCBuildConfiguration section */
		2BFE7C012B6E1A7B00682FEC /* Debug */ = {
			isa = XCBuildConfiguration;
			buildSettings = {
				ALWAYS_SEARCH_USER_PATHS = NO;
				ASSETCATALOG_COMPILER_GENERATE_SWIFT_ASSET_SYMBOL_EXTENSIONS = YES;
				CLANG_ANALYZER_NONNULL = YES;
				CLANG_ANALYZER_NUMBER_OBJECT_CONVERSION = YES_AGGRESSIVE;
				CLANG_CXX_LANGUAGE_STANDARD = "gnu++20";
				CLANG_ENABLE_MODULES = YES;
				CLANG_ENABLE_OBJC_ARC = YES;
				CLANG_ENABLE_OBJC_WEAK = YES;
				CLANG_WARN_BLOCK_CAPTURE_AUTORELEASING = YES;
				CLANG_WARN_BOOL_CONVERSION = YES;
				CLANG_WARN_COMMA = YES;
				CLANG_WARN_CONSTANT_CONVERSION = YES;
				CLANG_WARN_DEPRECATED_OBJC_IMPLEMENTATIONS = YES;
				CLANG_WARN_DIRECT_OBJC_ISA_USAGE = YES_ERROR;
				CLANG_WARN_DOCUMENTATION_COMMENTS = YES;
				CLANG_WARN_EMPTY_BODY = YES;
				CLANG_WARN_ENUM_CONVERSION = YES;
				CLANG_WARN_INFINITE_RECURSION = YES;
				CLANG_WARN_INT_CONVERSION = YES;
				CLANG_WARN_NON_LITERAL_NULL_CONVERSION = YES;
				CLANG_WARN_OBJC_IMPLICIT_RETAIN_SELF = YES;
				CLANG_WARN_OBJC_LITERAL_CONVERSION = YES;
				CLANG_WARN_OBJC_ROOT_CLASS = YES_ERROR;
				CLANG_WARN_QUOTED_INCLUDE_IN_FRAMEWORK_HEADER = YES;
				CLANG_WARN_RANGE_LOOP_ANALYSIS = YES;
				CLANG_WARN_STRICT_PROTOTYPES = YES;
				CLANG_WARN_SUSPICIOUS_MOVE = YES;
				CLANG_WARN_UNGUARDED_AVAILABILITY = YES_AGGRESSIVE;
				CLANG_WARN_UNREACHABLE_CODE = YES;
				CLANG_WARN__DUPLICATE_METHOD_MATCH = YES;
				COPY_PHASE_STRIP = NO;
				DEBUG_INFORMATION_FORMAT = dwarf;
				ENABLE_STRICT_OBJC_MSGSEND = YES;
				ENABLE_TESTABILITY = YES;
				ENABLE_USER_SCRIPT_SANDBOXING = YES;
				GCC_C_LANGUAGE_STANDARD = gnu17;
				GCC_DYNAMIC_NO_PIC = NO;
				GCC_NO_COMMON_BLOCKS = YES;
				GCC_OPTIMIZATION_LEVEL = 0;
				GCC_PREPROCESSOR_DEFINITIONS = (
					"DEBUG=1",
					"$(inherited)",
				);
				GCC_WARN_64_TO_32_BIT_CONVERSION = YES;
				GCC_WARN_ABOUT_RETURN_TYPE = YES_ERROR;
				GCC_WARN_UNDECLARED_SELECTOR = YES;
				GCC_WARN_UNINITIALIZED_AUTOS = YES_AGGRESSIVE;
				GCC_WARN_UNUSED_FUNCTION = YES;
				GCC_WARN_UNUSED_VARIABLE = YES;
				IPHONEOS_DEPLOYMENT_TARGET = 17.0;
				LOCALIZATION_PREFERS_STRING_CATALOGS = YES;
				MTL_ENABLE_DEBUG_INFO = INCLUDE_SOURCE;
				MTL_FAST_MATH = YES;
				ONLY_ACTIVE_ARCH = YES;
				SDKROOT = iphoneos;
				SWIFT_ACTIVE_COMPILATION_CONDITIONS = "DEBUG $(inherited)";
				SWIFT_OPTIMIZATION_LEVEL = "-Onone";
			};
			name = Debug;
		};
		2BFE7C022B6E1A7B00682FEC /* Release */ = {
			isa = XCBuildConfiguration;
			buildSettings = {
				ALWAYS_SEARCH_USER_PATHS = NO;
				ASSETCATALOG_COMPILER_GENERATE_SWIFT_ASSET_SYMBOL_EXTENSIONS = YES;
				CLANG_ANALYZER_NONNULL = YES;
				CLANG_ANALYZER_NUMBER_OBJECT_CONVERSION = YES_AGGRESSIVE;
				CLANG_CXX_LANGUAGE_STANDARD = "gnu++20";
				CLANG_ENABLE_MODULES = YES;
				CLANG_ENABLE_OBJC_ARC = YES;
				CLANG_ENABLE_OBJC_WEAK = YES;
				CLANG_WARN_BLOCK_CAPTURE_AUTORELEASING = YES;
				CLANG_WARN_BOOL_CONVERSION = YES;
				CLANG_WARN_COMMA = YES;
				CLANG_WARN_CONSTANT_CONVERSION = YES;
				CLANG_WARN_DEPRECATED_OBJC_IMPLEMENTATIONS = YES;
				CLANG_WARN_DIRECT_OBJC_ISA_USAGE = YES_ERROR;
				CLANG_WARN_DOCUMENTATION_COMMENTS = YES;
				CLANG_WARN_EMPTY_BODY = YES;
				CLANG_WARN_ENUM_CONVERSION = YES;
				CLANG_WARN_INFINITE_RECURSION = YES;
				CLANG_WARN_INT_CONVERSION = YES;
				CLANG_WARN_NON_LITERAL_NULL_CONVERSION = YES;
				CLANG_WARN_OBJC_IMPLICIT_RETAIN_SELF = YES;
				CLANG_WARN_OBJC_LITERAL_CONVERSION = YES;
				CLANG_WARN_OBJC_ROOT_CLASS = YES_ERROR;
				CLANG_WARN_QUOTED_INCLUDE_IN_FRAMEWORK_HEADER = YES;
				CLANG_WARN_RANGE_LOOP_ANALYSIS = YES;
				CLANG_WARN_STRICT_PROTOTYPES = YES;
				CLANG_WARN_SUSPICIOUS_MOVE = YES;
				CLANG_WARN_UNGUARDED_AVAILABILITY = YES_AGGRESSIVE;
				CLANG_WARN_UNREACHABLE_CODE = YES;
				CLANG_WARN__DUPLICATE_METHOD_MATCH = YES;
				COPY_PHASE_STRIP = NO;
				DEBUG_INFORMATION_FORMAT = "dwarf-with-dsym";
				ENABLE_NS_ASSERTIONS = NO;
				ENABLE_STRICT_OBJC_MSGSEND = YES;
				ENABLE_USER_SCRIPT_SANDBOXING = YES;
				GCC_C_LANGUAGE_STANDARD = gnu17;
				GCC_NO_COMMON_BLOCKS = YES;
				GCC_WARN_64_TO_32_BIT_CONVERSION = YES;
				GCC_WARN_ABOUT_RETURN_TYPE = YES_ERROR;
				GCC_WARN_UNDECLARED_SELECTOR = YES;
				GCC_WARN_UNINITIALIZED_AUTOS = YES_AGGRESSIVE;
				GCC_WARN_UNUSED_FUNCTION = YES;
				GCC_WARN_UNUSED_VARIABLE = YES;
				IPHONEOS_DEPLOYMENT_TARGET = 17.0;
				LOCALIZATION_PREFERS_STRING_CATALOGS = YES;
				MTL_ENABLE_DEBUG_INFO = NO;
				MTL_FAST_MATH = YES;
				SDKROOT = iphoneos;
				SWIFT_COMPILATION_MODE = wholemodule;
				VALIDATE_PRODUCT = YES;
			};
			name = Release;
		};
		2BFE7C042B6E1A7B00682FEC /* Debug */ = {
			isa = XCBuildConfiguration;
			buildSettings = {
				ASSETCATALOG_COMPILER_APPICON_NAME = AppIcon;
				ASSETCATALOG_COMPILER_GLOBAL_ACCENT_COLOR_NAME = AccentColor;
				CODE_SIGN_STYLE = Automatic;
				CURRENT_PROJECT_VERSION = 1;
				DEVELOPMENT_TEAM = Q2T8TN4ZW6;
				GENERATE_INFOPLIST_FILE = YES;
				INFOPLIST_FILE = HeadphoneMotion/Info.plist;
				INFOPLIST_KEY_UIApplicationSupportsIndirectInputEvents = YES;
				INFOPLIST_KEY_UILaunchStoryboardName = LaunchScreen;
				INFOPLIST_KEY_UIMainStoryboardFile = Main;
				INFOPLIST_KEY_UISupportedInterfaceOrientations_iPad = "UIInterfaceOrientationPortrait UIInterfaceOrientationPortraitUpsideDown UIInterfaceOrientationLandscapeLeft UIInterfaceOrientationLandscapeRight";
				INFOPLIST_KEY_UISupportedInterfaceOrientations_iPhone = "UIInterfaceOrientationPortrait UIInterfaceOrientationLandscapeLeft UIInterfaceOrientationLandscapeRight";
				LD_RUNPATH_SEARCH_PATHS = (
					"$(inherited)",
					"@executable_path/Frameworks",
				);
				MARKETING_VERSION = 1.0;
				PRODUCT_BUNDLE_IDENTIFIER = layer.HeadphoneMotion;
				PRODUCT_NAME = "$(TARGET_NAME)";
				SWIFT_EMIT_LOC_STRINGS = YES;
				SWIFT_VERSION = 5.0;
				TARGETED_DEVICE_FAMILY = "1,2";
			};
			name = Debug;
		};
		2BFE7C052B6E1A7B00682FEC /* Release */ = {
			isa = XCBuildConfiguration;
			buildSettings = {
				ASSETCATALOG_COMPILER_APPICON_NAME = AppIcon;
				ASSETCATALOG_COMPILER_GLOBAL_ACCENT_COLOR_NAME = AccentColor;
				CODE_SIGN_STYLE = Automatic;
				CURRENT_PROJECT_VERSION = 1;
				DEVELOPMENT_TEAM = Q2T8TN4ZW6;
				GENERATE_INFOPLIST_FILE = YES;
				INFOPLIST_FILE = HeadphoneMotion/Info.plist;
				INFOPLIST_KEY_UIApplicationSupportsIndirectInputEvents = YES;
				INFOPLIST_KEY_UILaunchStoryboardName = LaunchScreen;
				INFOPLIST_KEY_UIMainStoryboardFile = Main;
				INFOPLIST_KEY_UISupportedInterfaceOrientations_iPad = "UIInterfaceOrientationPortrait UIInterfaceOrientationPortraitUpsideDown UIInterfaceOrientationLandscapeLeft UIInterfaceOrientationLandscapeRight";
				INFOPLIST_KEY_UISupportedInterfaceOrientations_iPhone = "UIInterfaceOrientationPortrait UIInterfaceOrientationLandscapeLeft UIInterfaceOrientationLandscapeRight";
				LD_RUNPATH_SEARCH_PATHS = (
					"$(inherited)",
					"@executable_path/Frameworks",
				);
				MARKETING_VERSION = 1.0;
				PRODUCT_BUNDLE_IDENTIFIER = layer.HeadphoneMotion;
				PRODUCT_NAME = "$(TARGET_NAME)";
				SWIFT_EMIT_LOC_STRINGS = YES;
				SWIFT_VERSION = 5.0;
				TARGETED_DEVICE_FAMILY = "1,2";
			};
			name = Release;
		};
/* End XCBuildConfiguration section */

/* Begin XCConfigurationList section */
		2BFE7BEA2B6E1A7A00682FEC /* Build configuration list for PBXProject "HeadphoneMotion" */ = {
			isa = XCConfigurationList;
			buildConfigurations = (
				2BFE7C012B6E1A7B00682FEC /* Debug */,
				2BFE7C022B6E1A7B00682FEC /* Release */,
			);
			defaultConfigurationIsVisible = 0;
			defaultConfigurationName = Release;
		};
		2BFE7C032B6E1A7B00682FEC /* Build configuration list for PBXNativeTarget "HeadphoneMotion" */ = {
			isa = XCConfigurationList;
			buildConfigurations = (
				2BFE7C042B6E1A7B00682FEC /* Debug */,
				2BFE7C052B6E1A7B00682FEC /* Release */,
			);
			defaultConfigurationIsVisible = 0;
			defaultConfigurationName = Release;
		};
/* End XCConfigurationList section */
	};
	rootObject = 2BFE7BE72B6E1A7A00682FEC /* Project object */;
}
